// !$*UTF8*$!
{
	archiveVersion = 1;
	classes = {
	};
	objectVersion = 46;
	objects = {

/* Begin PBXBuildFile section */
		3039AC291F6FEE3B009C76C3 /* AppDelegate.swift in Sources */ = {isa = PBXBuildFile; fileRef = 3039AC281F6FEE3B009C76C3 /* AppDelegate.swift */; };
		3039AC2B1F6FEE3B009C76C3 /* ViewController.swift in Sources */ = {isa = PBXBuildFile; fileRef = 3039AC2A1F6FEE3B009C76C3 /* ViewController.swift */; };
		3039AC2E1F6FEE3B009C76C3 /* Main.storyboard in Resources */ = {isa = PBXBuildFile; fileRef = 3039AC2C1F6FEE3B009C76C3 /* Main.storyboard */; };
		3039AC311F6FEE3B009C76C3 /* Button_animation_test2.xcdatamodeld in Sources */ = {isa = PBXBuildFile; fileRef = 3039AC2F1F6FEE3B009C76C3 /* Button_animation_test2.xcdatamodeld */; };
		3039AC331F6FEE3B009C76C3 /* Assets.xcassets in Resources */ = {isa = PBXBuildFile; fileRef = 3039AC321F6FEE3B009C76C3 /* Assets.xcassets */; };
		3039AC361F6FEE3B009C76C3 /* LaunchScreen.storyboard in Resources */ = {isa = PBXBuildFile; fileRef = 3039AC341F6FEE3B009C76C3 /* LaunchScreen.storyboard */; };
		3039AC411F6FEE3B009C76C3 /* Button_animation_test2Tests.swift in Sources */ = {isa = PBXBuildFile; fileRef = 3039AC401F6FEE3B009C76C3 /* Button_animation_test2Tests.swift */; };
		3039AC4C1F6FEE3B009C76C3 /* Button_animation_test2UITests.swift in Sources */ = {isa = PBXBuildFile; fileRef = 3039AC4B1F6FEE3B009C76C3 /* Button_animation_test2UITests.swift */; };
/* End PBXBuildFile section */

/* Begin PBXContainerItemProxy section */
		3039AC3D1F6FEE3B009C76C3 /* PBXContainerItemProxy */ = {
			isa = PBXContainerItemProxy;
			containerPortal = 3039AC1D1F6FEE3B009C76C3 /* Project object */;
			proxyType = 1;
			remoteGlobalIDString = 3039AC241F6FEE3B009C76C3;
			remoteInfo = Button_animation_test2;
		};
		3039AC481F6FEE3B009C76C3 /* PBXContainerItemProxy */ = {
			isa = PBXContainerItemProxy;
			containerPortal = 3039AC1D1F6FEE3B009C76C3 /* Project object */;
			proxyType = 1;
			remoteGlobalIDString = 3039AC241F6FEE3B009C76C3;
			remoteInfo = Button_animation_test2;
		};
/* End PBXContainerItemProxy section */

/* Begin PBXFileReference section */
		3039AC251F6FEE3B009C76C3 /* Button_animation_test2.app */ = {isa = PBXFileReference; explicitFileType = wrapper.application; includeInIndex = 0; path = Button_animation_test2.app; sourceTree = BUILT_PRODUCTS_DIR; };
		3039AC281F6FEE3B009C76C3 /* AppDelegate.swift */ = {isa = PBXFileReference; lastKnownFileType = sourcecode.swift; path = AppDelegate.swift; sourceTree = "<group>"; };
		3039AC2A1F6FEE3B009C76C3 /* ViewController.swift */ = {isa = PBXFileReference; lastKnownFileType = sourcecode.swift; path = ViewController.swift; sourceTree = "<group>"; };
		3039AC2D1F6FEE3B009C76C3 /* Base */ = {isa = PBXFileReference; lastKnownFileType = file.storyboard; name = Base; path = Base.lproj/Main.storyboard; sourceTree = "<group>"; };
		3039AC301F6FEE3B009C76C3 /* Button_animation_test2.xcdatamodel */ = {isa = PBXFileReference; lastKnownFileType = wrapper.xcdatamodel; path = Button_animation_test2.xcdatamodel; sourceTree = "<group>"; };
		3039AC321F6FEE3B009C76C3 /* Assets.xcassets */ = {isa = PBXFileReference; lastKnownFileType = folder.assetcatalog; path = Assets.xcassets; sourceTree = "<group>"; };
		3039AC351F6FEE3B009C76C3 /* Base */ = {isa = PBXFileReference; lastKnownFileType = file.storyboard; name = Base; path = Base.lproj/LaunchScreen.storyboard; sourceTree = "<group>"; };
		3039AC371F6FEE3B009C76C3 /* Info.plist */ = {isa = PBXFileReference; lastKnownFileType = text.plist.xml; path = Info.plist; sourceTree = "<group>"; };
		3039AC3C1F6FEE3B009C76C3 /* Button_animation_test2Tests.xctest */ = {isa = PBXFileReference; explicitFileType = wrapper.cfbundle; includeInIndex = 0; path = Button_animation_test2Tests.xctest; sourceTree = BUILT_PRODUCTS_DIR; };
		3039AC401F6FEE3B009C76C3 /* Button_animation_test2Tests.swift */ = {isa = PBXFileReference; lastKnownFileType = sourcecode.swift; path = Button_animation_test2Tests.swift; sourceTree = "<group>"; };
		3039AC421F6FEE3B009C76C3 /* Info.plist */ = {isa = PBXFileReference; lastKnownFileType = text.plist.xml; path = Info.plist; sourceTree = "<group>"; };
		3039AC471F6FEE3B009C76C3 /* Button_animation_test2UITests.xctest */ = {isa = PBXFileReference; explicitFileType = wrapper.cfbundle; includeInIndex = 0; path = Button_animation_test2UITests.xctest; sourceTree = BUILT_PRODUCTS_DIR; };
		3039AC4B1F6FEE3B009C76C3 /* Button_animation_test2UITests.swift */ = {isa = PBXFileReference; lastKnownFileType = sourcecode.swift; path = Button_animation_test2UITests.swift; sourceTree = "<group>"; };
		3039AC4D1F6FEE3B009C76C3 /* Info.plist */ = {isa = PBXFileReference; lastKnownFileType = text.plist.xml; path = Info.plist; sourceTree = "<group>"; };
/* End PBXFileReference section */

/* Begin PBXFrameworksBuildPhase section */
		3039AC221F6FEE3B009C76C3 /* Frameworks */ = {
			isa = PBXFrameworksBuildPhase;
			buildActionMask = 2147483647;
			files = (
			);
			runOnlyForDeploymentPostprocessing = 0;
		};
		3039AC391F6FEE3B009C76C3 /* Frameworks */ = {
			isa = PBXFrameworksBuildPhase;
			buildActionMask = 2147483647;
			files = (
			);
			runOnlyForDeploymentPostprocessing = 0;
		};
		3039AC441F6FEE3B009C76C3 /* Frameworks */ = {
			isa = PBXFrameworksBuildPhase;
			buildActionMask = 2147483647;
			files = (
			);
			runOnlyForDeploymentPostprocessing = 0;
		};
/* End PBXFrameworksBuildPhase section */

/* Begin PBXGroup section */
		3039AC1C1F6FEE3B009C76C3 = {
			isa = PBXGroup;
			children = (
				3039AC271F6FEE3B009C76C3 /* Button_animation_test2 */,
				3039AC3F1F6FEE3B009C76C3 /* Button_animation_test2Tests */,
				3039AC4A1F6FEE3B009C76C3 /* Button_animation_test2UITests */,
				3039AC261F6FEE3B009C76C3 /* Products */,
			);
			sourceTree = "<group>";
		};
		3039AC261F6FEE3B009C76C3 /* Products */ = {
			isa = PBXGroup;
			children = (
				3039AC251F6FEE3B009C76C3 /* Button_animation_test2.app */,
				3039AC3C1F6FEE3B009C76C3 /* Button_animation_test2Tests.xctest */,
				3039AC471F6FEE3B009C76C3 /* Button_animation_test2UITests.xctest */,
			);
			name = Products;
			sourceTree = "<group>";
		};
		3039AC271F6FEE3B009C76C3 /* Button_animation_test2 */ = {
			isa = PBXGroup;
			children = (
				3039AC281F6FEE3B009C76C3 /* AppDelegate.swift */,
				3039AC2A1F6FEE3B009C76C3 /* ViewController.swift */,
				3039AC2C1F6FEE3B009C76C3 /* Main.storyboard */,
				3039AC321F6FEE3B009C76C3 /* Assets.xcassets */,
				3039AC341F6FEE3B009C76C3 /* LaunchScreen.storyboard */,
				3039AC371F6FEE3B009C76C3 /* Info.plist */,
				3039AC2F1F6FEE3B009C76C3 /* Button_animation_test2.xcdatamodeld */,
			);
			path = Button_animation_test2;
			sourceTree = "<group>";
		};
		3039AC3F1F6FEE3B009C76C3 /* Button_animation_test2Tests */ = {
			isa = PBXGroup;
			children = (
				3039AC401F6FEE3B009C76C3 /* Button_animation_test2Tests.swift */,
				3039AC421F6FEE3B009C76C3 /* Info.plist */,
			);
			path = Button_animation_test2Tests;
			sourceTree = "<group>";
		};
		3039AC4A1F6FEE3B009C76C3 /* Button_animation_test2UITests */ = {
			isa = PBXGroup;
			children = (
				3039AC4B1F6FEE3B009C76C3 /* Button_animation_test2UITests.swift */,
				3039AC4D1F6FEE3B009C76C3 /* Info.plist */,
			);
			path = Button_animation_test2UITests;
			sourceTree = "<group>";
		};
/* End PBXGroup section */

/* Begin PBXNativeTarget section */
		3039AC241F6FEE3B009C76C3 /* Button_animation_test2 */ = {
			isa = PBXNativeTarget;
			buildConfigurationList = 3039AC501F6FEE3B009C76C3 /* Build configuration list for PBXNativeTarget "Button_animation_test2" */;
			buildPhases = (
				3039AC211F6FEE3B009C76C3 /* Sources */,
				3039AC221F6FEE3B009C76C3 /* Frameworks */,
				3039AC231F6FEE3B009C76C3 /* Resources */,
			);
			buildRules = (
			);
			dependencies = (
			);
			name = Button_animation_test2;
			productName = Button_animation_test2;
			productReference = 3039AC251F6FEE3B009C76C3 /* Button_animation_test2.app */;
			productType = "com.apple.product-type.application";
		};
		3039AC3B1F6FEE3B009C76C3 /* Button_animation_test2Tests */ = {
			isa = PBXNativeTarget;
			buildConfigurationList = 3039AC531F6FEE3B009C76C3 /* Build configuration list for PBXNativeTarget "Button_animation_test2Tests" */;
			buildPhases = (
				3039AC381F6FEE3B009C76C3 /* Sources */,
				3039AC391F6FEE3B009C76C3 /* Frameworks */,
				3039AC3A1F6FEE3B009C76C3 /* Resources */,
			);
			buildRules = (
			);
			dependencies = (
				3039AC3E1F6FEE3B009C76C3 /* PBXTargetDependency */,
			);
			name = Button_animation_test2Tests;
			productName = Button_animation_test2Tests;
			productReference = 3039AC3C1F6FEE3B009C76C3 /* Button_animation_test2Tests.xctest */;
			productType = "com.apple.product-type.bundle.unit-test";
		};
		3039AC461F6FEE3B009C76C3 /* Button_animation_test2UITests */ = {
			isa = PBXNativeTarget;
			buildConfigurationList = 3039AC561F6FEE3B009C76C3 /* Build configuration list for PBXNativeTarget "Button_animation_test2UITests" */;
			buildPhases = (
				3039AC431F6FEE3B009C76C3 /* Sources */,
				3039AC441F6FEE3B009C76C3 /* Frameworks */,
				3039AC451F6FEE3B009C76C3 /* Resources */,
			);
			buildRules = (
			);
			dependencies = (
				3039AC491F6FEE3B009C76C3 /* PBXTargetDependency */,
			);
			name = Button_animation_test2UITests;
			productName = Button_animation_test2UITests;
			productReference = 3039AC471F6FEE3B009C76C3 /* Button_animation_test2UITests.xctest */;
			productType = "com.apple.product-type.bundle.ui-testing";
		};
/* End PBXNativeTarget section */

/* Begin PBXProject section */
		3039AC1D1F6FEE3B009C76C3 /* Project object */ = {
			isa = PBXProject;
			attributes = {
				LastSwiftUpdateCheck = 0830;
				LastUpgradeCheck = 0830;
				ORGANIZATIONNAME = "Danny Dharumasena";
				TargetAttributes = {
					3039AC241F6FEE3B009C76C3 = {
						CreatedOnToolsVersion = 8.3.3;
						DevelopmentTeam = TZPUH88RBR;
						ProvisioningStyle = Automatic;
					};
					3039AC3B1F6FEE3B009C76C3 = {
						CreatedOnToolsVersion = 8.3.3;
						DevelopmentTeam = TZPUH88RBR;
						ProvisioningStyle = Automatic;
						TestTargetID = 3039AC241F6FEE3B009C76C3;
					};
					3039AC461F6FEE3B009C76C3 = {
						CreatedOnToolsVersion = 8.3.3;
						DevelopmentTeam = TZPUH88RBR;
						ProvisioningStyle = Automatic;
						TestTargetID = 3039AC241F6FEE3B009C76C3;
					};
				};
			};
			buildConfigurationList = 3039AC201F6FEE3B009C76C3 /* Build configuration list for PBXProject "Button_animation_test2" */;
			compatibilityVersion = "Xcode 3.2";
			developmentRegion = English;
			hasScannedForEncodings = 0;
			knownRegions = (
				en,
				Base,
			);
			mainGroup = 3039AC1C1F6FEE3B009C76C3;
			productRefGroup = 3039AC261F6FEE3B009C76C3 /* Products */;
			projectDirPath = "";
			projectRoot = "";
			targets = (
				3039AC241F6FEE3B009C76C3 /* Button_animation_test2 */,
				3039AC3B1F6FEE3B009C76C3 /* Button_animation_test2Tests */,
				3039AC461F6FEE3B009C76C3 /* Button_animation_test2UITests */,
			);
		};
/* End PBXProject section */

/* Begin PBXResourcesBuildPhase section */
		3039AC231F6FEE3B009C76C3 /* Resources */ = {
			isa = PBXResourcesBuildPhase;
			buildActionMask = 2147483647;
			files = (
				3039AC361F6FEE3B009C76C3 /* LaunchScreen.storyboard in Resources */,
				3039AC331F6FEE3B009C76C3 /* Assets.xcassets in Resources */,
				3039AC2E1F6FEE3B009C76C3 /* Main.storyboard in Resources */,
			);
			runOnlyForDeploymentPostprocessing = 0;
		};
		3039AC3A1F6FEE3B009C76C3 /* Resources */ = {
			isa = PBXResourcesBuildPhase;
			buildActionMask = 2147483647;
			files = (
			);
			runOnlyForDeploymentPostprocessing = 0;
		};
		3039AC451F6FEE3B009C76C3 /* Resources */ = {
			isa = PBXResourcesBuildPhase;
			buildActionMask = 2147483647;
			files = (
			);
			runOnlyForDeploymentPostprocessing = 0;
		};
/* End PBXResourcesBuildPhase section */

/* Begin PBXSourcesBuildPhase section */
		3039AC211F6FEE3B009C76C3 /* Sources */ = {
			isa = PBXSourcesBuildPhase;
			buildActionMask = 2147483647;
			files = (
				3039AC2B1F6FEE3B009C76C3 /* ViewController.swift in Sources */,
				3039AC291F6FEE3B009C76C3 /* AppDelegate.swift in Sources */,
				3039AC311F6FEE3B009C76C3 /* Button_animation_test2.xcdatamodeld in Sources */,
			);
			runOnlyForDeploymentPostprocessing = 0;
		};
		3039AC381F6FEE3B009C76C3 /* Sources */ = {
			isa = PBXSourcesBuildPhase;
			buildActionMask = 2147483647;
			files = (
				3039AC411F6FEE3B009C76C3 /* Button_animation_test2Tests.swift in Sources */,
			);
			runOnlyForDeploymentPostprocessing = 0;
		};
		3039AC431F6FEE3B009C76C3 /* Sources */ = {
			isa = PBXSourcesBuildPhase;
			buildActionMask = 2147483647;
			files = (
				3039AC4C1F6FEE3B009C76C3 /* Button_animation_test2UITests.swift in Sources */,
			);
			runOnlyForDeploymentPostprocessing = 0;
		};
/* End PBXSourcesBuildPhase section */

/* Begin PBXTargetDependency section */
		3039AC3E1F6FEE3B009C76C3 /* PBXTargetDependency */ = {
			isa = PBXTargetDependency;
			target = 3039AC241F6FEE3B009C76C3 /* Button_animation_test2 */;
			targetProxy = 3039AC3D1F6FEE3B009C76C3 /* PBXContainerItemProxy */;
		};
		3039AC491F6FEE3B009C76C3 /* PBXTargetDependency */ = {
			isa = PBXTargetDependency;
			target = 3039AC241F6FEE3B009C76C3 /* Button_animation_test2 */;
			targetProxy = 3039AC481F6FEE3B009C76C3 /* PBXContainerItemProxy */;
		};
/* End PBXTargetDependency section */

/* Begin PBXVariantGroup section */
		3039AC2C1F6FEE3B009C76C3 /* Main.storyboard */ = {
			isa = PBXVariantGroup;
			children = (
				3039AC2D1F6FEE3B009C76C3 /* Base */,
			);
			name = Main.storyboard;
			sourceTree = "<group>";
		};
		3039AC341F6FEE3B009C76C3 /* LaunchScreen.storyboard */ = {
			isa = PBXVariantGroup;
			children = (
				3039AC351F6FEE3B009C76C3 /* Base */,
			);
			name = LaunchScreen.storyboard;
			sourceTree = "<group>";
		};
/* End PBXVariantGroup section */

/* Begin XCBuildConfiguration section */
		3039AC4E1F6FEE3B009C76C3 /* Debug */ = {
			isa = XCBuildConfiguration;
			buildSettings = {
				ALWAYS_SEARCH_USER_PATHS = NO;
				CLANG_ANALYZER_NONNULL = YES;
				CLANG_ANALYZER_NUMBER_OBJECT_CONVERSION = YES_AGGRESSIVE;
				CLANG_CXX_LANGUAGE_STANDARD = "gnu++0x";
				CLANG_CXX_LIBRARY = "libc++";
				CLANG_ENABLE_MODULES = YES;
				CLANG_ENABLE_OBJC_ARC = YES;
				CLANG_WARN_BOOL_CONVERSION = YES;
				CLANG_WARN_CONSTANT_CONVERSION = YES;
				CLANG_WARN_DIRECT_OBJC_ISA_USAGE = YES_ERROR;
				CLANG_WARN_DOCUMENTATION_COMMENTS = YES;
				CLANG_WARN_EMPTY_BODY = YES;
				CLANG_WARN_ENUM_CONVERSION = YES;
				CLANG_WARN_INFINITE_RECURSION = YES;
				CLANG_WARN_INT_CONVERSION = YES;
				CLANG_WARN_OBJC_ROOT_CLASS = YES_ERROR;
				CLANG_WARN_SUSPICIOUS_MOVE = YES;
				CLANG_WARN_UNREACHABLE_CODE = YES;
				CLANG_WARN__DUPLICATE_METHOD_MATCH = YES;
				"CODE_SIGN_IDENTITY[sdk=iphoneos*]" = "iPhone Developer";
				COPY_PHASE_STRIP = NO;
				DEBUG_INFORMATION_FORMAT = dwarf;
				ENABLE_STRICT_OBJC_MSGSEND = YES;
				ENABLE_TESTABILITY = YES;
				GCC_C_LANGUAGE_STANDARD = gnu99;
				GCC_DYNAMIC_NO_PIC = NO;
				GCC_NO_COMMON_BLOCKS = YES;
				GCC_OPTIMIZATION_LEVEL = 0;
				GCC_PREPROCESSOR_DEFINITIONS = (
					"DEBUG=1",
					"$(inherited)",
				);
				GCC_WARN_64_TO_32_BIT_CONVERSION = YES;
				GCC_WARN_ABOUT_RETURN_TYPE = YES_ERROR;
				GCC_WARN_UNDECLARED_SELECTOR = YES;
				GCC_WARN_UNINITIALIZED_AUTOS = YES_AGGRESSIVE;
				GCC_WARN_UNUSED_FUNCTION = YES;
				GCC_WARN_UNUSED_VARIABLE = YES;
				IPHONEOS_DEPLOYMENT_TARGET = 10.3;
				MTL_ENABLE_DEBUG_INFO = YES;
				ONLY_ACTIVE_ARCH = YES;
				SDKROOT = iphoneos;
				SWIFT_ACTIVE_COMPILATION_CONDITIONS = DEBUG;
				SWIFT_OPTIMIZATION_LEVEL = "-Onone";
			};
			name = Debug;
		};
		3039AC4F1F6FEE3B009C76C3 /* Release */ = {
			isa = XCBuildConfiguration;
			buildSettings = {
				ALWAYS_SEARCH_USER_PATHS = NO;
				CLANG_ANALYZER_NONNULL = YES;
				CLANG_ANALYZER_NUMBER_OBJECT_CONVERSION = YES_AGGRESSIVE;
				CLANG_CXX_LANGUAGE_STANDARD = "gnu++0x";
				CLANG_CXX_LIBRARY = "libc++";
				CLANG_ENABLE_MODULES = YES;
				CLANG_ENABLE_OBJC_ARC = YES;
				CLANG_WARN_BOOL_CONVERSION = YES;
				CLANG_WARN_CONSTANT_CONVERSION = YES;
				CLANG_WARN_DIRECT_OBJC_ISA_USAGE = YES_ERROR;
				CLANG_WARN_DOCUMENTATION_COMMENTS = YES;
				CLANG_WARN_EMPTY_BODY = YES;
				CLANG_WARN_ENUM_CONVERSION = YES;
				CLANG_WARN_INFINITE_RECURSION = YES;
				CLANG_WARN_INT_CONVERSION = YES;
				CLANG_WARN_OBJC_ROOT_CLASS = YES_ERROR;
				CLANG_WARN_SUSPICIOUS_MOVE = YES;
				CLANG_WARN_UNREACHABLE_CODE = YES;
				CLANG_WARN__DUPLICATE_METHOD_MATCH = YES;
				"CODE_SIGN_IDENTITY[sdk=iphoneos*]" = "iPhone Developer";
				COPY_PHASE_STRIP = NO;
				DEBUG_INFORMATION_FORMAT = "dwarf-with-dsym";
				ENABLE_NS_ASSERTIONS = NO;
				ENABLE_STRICT_OBJC_MSGSEND = YES;
				GCC_C_LANGUAGE_STANDARD = gnu99;
				GCC_NO_COMMON_BLOCKS = YES;
				GCC_WARN_64_TO_32_BIT_CONVERSION = YES;
				GCC_WARN_ABOUT_RETURN_TYPE = YES_ERROR;
				GCC_WARN_UNDECLARED_SELECTOR = YES;
				GCC_WARN_UNINITIALIZED_AUTOS = YES_AGGRESSIVE;
				GCC_WARN_UNUSED_FUNCTION = YES;
				GCC_WARN_UNUSED_VARIABLE = YES;
				IPHONEOS_DEPLOYMENT_TARGET = 10.3;
				MTL_ENABLE_DEBUG_INFO = NO;
				SDKROOT = iphoneos;
				SWIFT_OPTIMIZATION_LEVEL = "-Owholemodule";
				VALIDATE_PRODUCT = YES;
			};
			name = Release;
		};
		3039AC511F6FEE3B009C76C3 /* Debug */ = {
			isa = XCBuildConfiguration;
			buildSettings = {
				ASSETCATALOG_COMPILER_APPICON_NAME = AppIcon;
				DEVELOPMENT_TEAM = TZPUH88RBR;
				INFOPLIST_FILE = Button_animation_test2/Info.plist;
				LD_RUNPATH_SEARCH_PATHS = "$(inherited) @executable_path/Frameworks";
				PRODUCT_BUNDLE_IDENTIFIER = "VDROP.Button-animation-test2";
				PRODUCT_NAME = "$(TARGET_NAME)";
				SWIFT_VERSION = 3.0;
			};
			name = Debug;
		};
		3039AC521F6FEE3B009C76C3 /* Release */ = {
			isa = XCBuildConfiguration;
			buildSettings = {
				ASSETCATALOG_COMPILER_APPICON_NAME = AppIcon;
				DEVELOPMENT_TEAM = TZPUH88RBR;
				INFOPLIST_FILE = Button_animation_test2/Info.plist;
				LD_RUNPATH_SEARCH_PATHS = "$(inherited) @executable_path/Frameworks";
				PRODUCT_BUNDLE_IDENTIFIER = "VDROP.Button-animation-test2";
				PRODUCT_NAME = "$(TARGET_NAME)";
				SWIFT_VERSION = 3.0;
			};
			name = Release;
		};
		3039AC541F6FEE3B009C76C3 /* Debug */ = {
			isa = XCBuildConfiguration;
			buildSettings = {
				ALWAYS_EMBED_SWIFT_STANDARD_LIBRARIES = YES;
				BUNDLE_LOADER = "$(TEST_HOST)";
				DEVELOPMENT_TEAM = TZPUH88RBR;
				INFOPLIST_FILE = Button_animation_test2Tests/Info.plist;
				LD_RUNPATH_SEARCH_PATHS = "$(inherited) @executable_path/Frameworks @loader_path/Frameworks";
				PRODUCT_BUNDLE_IDENTIFIER = "VDROP.Button-animation-test2Tests";
				PRODUCT_NAME = "$(TARGET_NAME)";
				SWIFT_VERSION = 3.0;
				TEST_HOST = "$(BUILT_PRODUCTS_DIR)/Button_animation_test2.app/Button_animation_test2";
			};
			name = Debug;
		};
		3039AC551F6FEE3B009C76C3 /* Release */ = {
			isa = XCBuildConfiguration;
			buildSettings = {
				ALWAYS_EMBED_SWIFT_STANDARD_LIBRARIES = YES;
				BUNDLE_LOADER = "$(TEST_HOST)";
				DEVELOPMENT_TEAM = TZPUH88RBR;
				INFOPLIST_FILE = Button_animation_test2Tests/Info.plist;
				LD_RUNPATH_SEARCH_PATHS = "$(inherited) @executable_path/Frameworks @loader_path/Frameworks";
				PRODUCT_BUNDLE_IDENTIFIER = "VDROP.Button-animation-test2Tests";
				PRODUCT_NAME = "$(TARGET_NAME)";
				SWIFT_VERSION = 3.0;
				TEST_HOST = "$(BUILT_PRODUCTS_DIR)/Button_animation_test2.app/Button_animation_test2";
			};
			name = Release;
		};
		3039AC571F6FEE3B009C76C3 /* Debug */ = {
			isa = XCBuildConfiguration;
			buildSettings = {
				ALWAYS_EMBED_SWIFT_STANDARD_LIBRARIES = YES;
				DEVELOPMENT_TEAM = TZPUH88RBR;
				INFOPLIST_FILE = Button_animation_test2UITests/Info.plist;
				LD_RUNPATH_SEARCH_PATHS = "$(inherited) @executable_path/Frameworks @loader_path/Frameworks";
				PRODUCT_BUNDLE_IDENTIFIER = "VDROP.Button-animation-test2UITests";
				PRODUCT_NAME = "$(TARGET_NAME)";
				SWIFT_VERSION = 3.0;
				TEST_TARGET_NAME = Button_animation_test2;
			};
			name = Debug;
		};
		3039AC581F6FEE3B009C76C3 /* Release */ = {
			isa = XCBuildConfiguration;
			buildSettings = {
				ALWAYS_EMBED_SWIFT_STANDARD_LIBRARIES = YES;
				DEVELOPMENT_TEAM = TZPUH88RBR;
				INFOPLIST_FILE = Button_animation_test2UITests/Info.plist;
				LD_RUNPATH_SEARCH_PATHS = "$(inherited) @executable_path/Frameworks @loader_path/Frameworks";
				PRODUCT_BUNDLE_IDENTIFIER = "VDROP.Button-animation-test2UITests";
				PRODUCT_NAME = "$(TARGET_NAME)";
				SWIFT_VERSION = 3.0;
				TEST_TARGET_NAME = Button_animation_test2;
			};
			name = Release;
		};
/* End XCBuildConfiguration section */

/* Begin XCConfigurationList section */
		3039AC201F6FEE3B009C76C3 /* Build configuration list for PBXProject "Button_animation_test2" */ = {
			isa = XCConfigurationList;
			buildConfigurations = (
				3039AC4E1F6FEE3B009C76C3 /* Debug */,
				3039AC4F1F6FEE3B009C76C3 /* Release */,
			);
			defaultConfigurationIsVisible = 0;
			defaultConfigurationName = Release;
		};
		3039AC501F6FEE3B009C76C3 /* Build configuration list for PBXNativeTarget "Button_animation_test2" */ = {
			isa = XCConfigurationList;
			buildConfigurations = (
				3039AC511F6FEE3B009C76C3 /* Debug */,
				3039AC521F6FEE3B009C76C3 /* Release */,
			);
			defaultConfigurationIsVisible = 0;
		};
		3039AC531F6FEE3B009C76C3 /* Build configuration list for PBXNativeTarget "Button_animation_test2Tests" */ = {
			isa = XCConfigurationList;
			buildConfigurations = (
				3039AC541F6FEE3B009C76C3 /* Debug */,
				3039AC551F6FEE3B009C76C3 /* Release */,
			);
			defaultConfigurationIsVisible = 0;
		};
		3039AC561F6FEE3B009C76C3 /* Build configuration list for PBXNativeTarget "Button_animation_test2UITests" */ = {
			isa = XCConfigurationList;
			buildConfigurations = (
				3039AC571F6FEE3B009C76C3 /* Debug */,
				3039AC581F6FEE3B009C76C3 /* Release */,
			);
			defaultConfigurationIsVisible = 0;
		};
/* End XCConfigurationList section */

/* Begin XCVersionGroup section */
		3039AC2F1F6FEE3B009C76C3 /* Button_animation_test2.xcdatamodeld */ = {
			isa = XCVersionGroup;
			children = (
				3039AC301F6FEE3B009C76C3 /* Button_animation_test2.xcdatamodel */,
			);
			currentVersion = 3039AC301F6FEE3B009C76C3 /* Button_animation_test2.xcdatamodel */;
			path = Button_animation_test2.xcdatamodeld;
			sourceTree = "<group>";
			versionGroupType = wrapper.xcdatamodel;
		};
/* End XCVersionGroup section */
	};
	rootObject = 3039AC1D1F6FEE3B009C76C3 /* Project object */;
}
